
Microsoft Visual Studio Solution File, Format Version 12.00
Project("{FAE04EC0-301F-11D3-BF4B-00C04F79EFBC}") = "SourceGenerator", "SourceGenerator\SourceGenerator.csproj", "{A7F00693-8EE2-418E-92D2-22F273C4BBCD}"
EndProject
Project("{FAE04EC0-301F-11D3-BF4B-00C04F79EFBC}") = "AsyncStreamsAPI", "AsyncStreamsAPI\AsyncStreamsAPI.csproj", "{018EB99F-AD80-4194-9DAB-811BF6129B34}"
EndProject
Project("{FAE04EC0-301F-11D3-BF4B-00C04F79EFBC}") = "AsyncStreamsClient", "AsyncStreamsClient\AsyncStreamsClient.csproj", "{A60EB9EB-7987-4FB6-AA3B-2FAE9D9F769A}"
EndProject
Project("{FAE04EC0-301F-11D3-BF4B-00C04F79EFBC}") = "EverythingElse", "EverythingElse\EverythingElse.csproj", "{534E9693-769A-4862-8E48-F0757CC3C96B}"
EndProject
Global
	GlobalSection(SolutionConfigurationPlatforms) = preSolution
		Debug|Any CPU = Debug|Any CPU
		Release|Any CPU = Release|Any CPU
	EndGlobalSection
	GlobalSection(ProjectConfigurationPlatforms) = postSolution
		{A7F00693-8EE2-418E-92D2-22F273C4BBCD}.Debug|Any CPU.ActiveCfg = Debug|Any CPU
		{A7F00693-8EE2-418E-92D2-22F273C4BBCD}.Debug|Any CPU.Build.0 = Debug|Any CPU
		{A7F00693-8EE2-418E-92D2-22F273C4BBCD}.Release|Any CPU.ActiveCfg = Release|Any CPU
		{A7F00693-8EE2-418E-92D2-22F273C4BBCD}.Release|Any CPU.Build.0 = Release|Any CPU
		{018EB99F-AD80-4194-9DAB-811BF6129B34}.Debug|Any CPU.ActiveCfg = Debug|Any CPU
		{018EB99F-AD80-4194-9DAB-811BF6129B34}.Debug|Any CPU.Build.0 = Debug|Any CPU
		{018EB99F-AD80-4194-9DAB-811BF6129B34}.Release|Any CPU.ActiveCfg = Release|Any CPU
		{018EB99F-AD80-4194-9DAB-811BF6129B34}.Release|Any CPU.Build.0 = Release|Any CPU
		{A60EB9EB-7987-4FB6-AA3B-2FAE9D9F769A}.Debug|Any CPU.ActiveCfg = Debug|Any CPU
		{A60EB9EB-7987-4FB6-AA3B-2FAE9D9F769A}.Debug|Any CPU.Build.0 = Debug|Any CPU
		{A60EB9EB-7987-4FB6-AA3B-2FAE9D9F769A}.Release|Any CPU.ActiveCfg = Release|Any CPU
		{A60EB9EB-7987-4FB6-AA3B-2FAE9D9F769A}.Release|Any CPU.Build.0 = Release|Any CPU
		{534E9693-769A-4862-8E48-F0757CC3C96B}.Debug|Any CPU.ActiveCfg = Debug|Any CPU
		{534E9693-769A-4862-8E48-F0757CC3C96B}.Debug|Any CPU.Build.0 = Debug|Any CPU
		{534E9693-769A-4862-8E48-F0757CC3C96B}.Release|Any CPU.ActiveCfg = Release|Any CPU
		{534E9693-769A-4862-8E48-F0757CC3C96B}.Release|Any CPU.Build.0 = Release|Any CPU
	EndGlobalSection
EndGlobal
